// !$*UTF8*$!
{
	archiveVersion = 1;
	classes = {
	};
	objectVersion = 50;
	objects = {

/* Begin PBXBuildFile section */
		A34B160626BE456C0073FEC3 /* AppDelegate.swift in Sources */ = {isa = PBXBuildFile; fileRef = A34B160526BE456C0073FEC3 /* AppDelegate.swift */; };
		A34B160826BE456C0073FEC3 /* SceneDelegate.swift in Sources */ = {isa = PBXBuildFile; fileRef = A34B160726BE456C0073FEC3 /* SceneDelegate.swift */; };
		A34B160A26BE456C0073FEC3 /* ViewController.swift in Sources */ = {isa = PBXBuildFile; fileRef = A34B160926BE456C0073FEC3 /* ViewController.swift */; };
		A34B160D26BE456C0073FEC3 /* Main.storyboard in Resources */ = {isa = PBXBuildFile; fileRef = A34B160B26BE456C0073FEC3 /* Main.storyboard */; };
		A34B160F26BE456F0073FEC3 /* Assets.xcassets in Resources */ = {isa = PBXBuildFile; fileRef = A34B160E26BE456F0073FEC3 /* Assets.xcassets */; };
		A34B161226BE456F0073FEC3 /* LaunchScreen.storyboard in Resources */ = {isa = PBXBuildFile; fileRef = A34B161026BE456F0073FEC3 /* LaunchScreen.storyboard */; };
		A34B161D26BE456F0073FEC3 /* InstagramTests.swift in Sources */ = {isa = PBXBuildFile; fileRef = A34B161C26BE456F0073FEC3 /* InstagramTests.swift */; };
		A34B162826BE456F0073FEC3 /* InstagramUITests.swift in Sources */ = {isa = PBXBuildFile; fileRef = A34B162726BE456F0073FEC3 /* InstagramUITests.swift */; };
/* End PBXBuildFile section */

/* Begin PBXContainerItemProxy section */
		A34B161926BE456F0073FEC3 /* PBXContainerItemProxy */ = {
			isa = PBXContainerItemProxy;
			containerPortal = A34B15FA26BE456C0073FEC3 /* Project object */;
			proxyType = 1;
			remoteGlobalIDString = A34B160126BE456C0073FEC3;
			remoteInfo = Instagram;
		};
		A34B162426BE456F0073FEC3 /* PBXContainerItemProxy */ = {
			isa = PBXContainerItemProxy;
			containerPortal = A34B15FA26BE456C0073FEC3 /* Project object */;
			proxyType = 1;
			remoteGlobalIDString = A34B160126BE456C0073FEC3;
			remoteInfo = Instagram;
		};
/* End PBXContainerItemProxy section */

/* Begin PBXFileReference section */
		A34B160226BE456C0073FEC3 /* Instagram.app */ = {isa = PBXFileReference; explicitFileType = wrapper.application; includeInIndex = 0; path = Instagram.app; sourceTree = BUILT_PRODUCTS_DIR; };
		A34B160526BE456C0073FEC3 /* AppDelegate.swift */ = {isa = PBXFileReference; lastKnownFileType = sourcecode.swift; path = AppDelegate.swift; sourceTree = "<group>"; };
		A34B160726BE456C0073FEC3 /* SceneDelegate.swift */ = {isa = PBXFileReference; lastKnownFileType = sourcecode.swift; path = SceneDelegate.swift; sourceTree = "<group>"; };
		A34B160926BE456C0073FEC3 /* ViewController.swift */ = {isa = PBXFileReference; lastKnownFileType = sourcecode.swift; path = ViewController.swift; sourceTree = "<group>"; };
		A34B160C26BE456C0073FEC3 /* Base */ = {isa = PBXFileReference; lastKnownFileType = file.storyboard; name = Base; path = Base.lproj/Main.storyboard; sourceTree = "<group>"; };
		A34B160E26BE456F0073FEC3 /* Assets.xcassets */ = {isa = PBXFileReference; lastKnownFileType = folder.assetcatalog; path = Assets.xcassets; sourceTree = "<group>"; };
		A34B161126BE456F0073FEC3 /* Base */ = {isa = PBXFileReference; lastKnownFileType = file.storyboard; name = Base; path = Base.lproj/LaunchScreen.storyboard; sourceTree = "<group>"; };
		A34B161326BE456F0073FEC3 /* Info.plist */ = {isa = PBXFileReference; lastKnownFileType = text.plist.xml; path = Info.plist; sourceTree = "<group>"; };
		A34B161826BE456F0073FEC3 /* InstagramTests.xctest */ = {isa = PBXFileReference; explicitFileType = wrapper.cfbundle; includeInIndex = 0; path = InstagramTests.xctest; sourceTree = BUILT_PRODUCTS_DIR; };
		A34B161C26BE456F0073FEC3 /* InstagramTests.swift */ = {isa = PBXFileReference; lastKnownFileType = sourcecode.swift; path = InstagramTests.swift; sourceTree = "<group>"; };
		A34B161E26BE456F0073FEC3 /* Info.plist */ = {isa = PBXFileReference; lastKnownFileType = text.plist.xml; path = Info.plist; sourceTree = "<group>"; };
		A34B162326BE456F0073FEC3 /* InstagramUITests.xctest */ = {isa = PBXFileReference; explicitFileType = wrapper.cfbundle; includeInIndex = 0; path = InstagramUITests.xctest; sourceTree = BUILT_PRODUCTS_DIR; };
		A34B162726BE456F0073FEC3 /* InstagramUITests.swift */ = {isa = PBXFileReference; lastKnownFileType = sourcecode.swift; path = InstagramUITests.swift; sourceTree = "<group>"; };
		A34B162926BE456F0073FEC3 /* Info.plist */ = {isa = PBXFileReference; lastKnownFileType = text.plist.xml; path = Info.plist; sourceTree = "<group>"; };
/* End PBXFileReference section */

/* Begin PBXFrameworksBuildPhase section */
		A34B15FF26BE456C0073FEC3 /* Frameworks */ = {
			isa = PBXFrameworksBuildPhase;
			buildActionMask = 2147483647;
			files = (
			);
			runOnlyForDeploymentPostprocessing = 0;
		};
		A34B161526BE456F0073FEC3 /* Frameworks */ = {
			isa = PBXFrameworksBuildPhase;
			buildActionMask = 2147483647;
			files = (
			);
			runOnlyForDeploymentPostprocessing = 0;
		};
		A34B162026BE456F0073FEC3 /* Frameworks */ = {
			isa = PBXFrameworksBuildPhase;
			buildActionMask = 2147483647;
			files = (
			);
			runOnlyForDeploymentPostprocessing = 0;
		};
/* End PBXFrameworksBuildPhase section */

/* Begin PBXGroup section */
		A34B15F926BE456C0073FEC3 = {
			isa = PBXGroup;
			children = (
				A34B160426BE456C0073FEC3 /* Instagram */,
				A34B161B26BE456F0073FEC3 /* InstagramTests */,
				A34B162626BE456F0073FEC3 /* InstagramUITests */,
				A34B160326BE456C0073FEC3 /* Products */,
			);
			sourceTree = "<group>";
		};
		A34B160326BE456C0073FEC3 /* Products */ = {
			isa = PBXGroup;
			children = (
				A34B160226BE456C0073FEC3 /* Instagram.app */,
				A34B161826BE456F0073FEC3 /* InstagramTests.xctest */,
				A34B162326BE456F0073FEC3 /* InstagramUITests.xctest */,
			);
			name = Products;
			sourceTree = "<group>";
		};
		A34B160426BE456C0073FEC3 /* Instagram */ = {
			isa = PBXGroup;
			children = (
				A34B160526BE456C0073FEC3 /* AppDelegate.swift */,
				A34B160726BE456C0073FEC3 /* SceneDelegate.swift */,
				A34B160926BE456C0073FEC3 /* ViewController.swift */,
				A34B160B26BE456C0073FEC3 /* Main.storyboard */,
				A34B160E26BE456F0073FEC3 /* Assets.xcassets */,
				A34B161026BE456F0073FEC3 /* LaunchScreen.storyboard */,
				A34B161326BE456F0073FEC3 /* Info.plist */,
			);
			path = Instagram;
			sourceTree = "<group>";
		};
		A34B161B26BE456F0073FEC3 /* InstagramTests */ = {
			isa = PBXGroup;
			children = (
				A34B161C26BE456F0073FEC3 /* InstagramTests.swift */,
				A34B161E26BE456F0073FEC3 /* Info.plist */,
			);
			path = InstagramTests;
			sourceTree = "<group>";
		};
		A34B162626BE456F0073FEC3 /* InstagramUITests */ = {
			isa = PBXGroup;
			children = (
				A34B162726BE456F0073FEC3 /* InstagramUITests.swift */,
				A34B162926BE456F0073FEC3 /* Info.plist */,
			);
			path = InstagramUITests;
			sourceTree = "<group>";
		};
/* End PBXGroup section */

/* Begin PBXNativeTarget section */
		A34B160126BE456C0073FEC3 /* Instagram */ = {
			isa = PBXNativeTarget;
			buildConfigurationList = A34B162C26BE456F0073FEC3 /* Build configuration list for PBXNativeTarget "Instagram" */;
			buildPhases = (
				A34B15FE26BE456C0073FEC3 /* Sources */,
				A34B15FF26BE456C0073FEC3 /* Frameworks */,
				A34B160026BE456C0073FEC3 /* Resources */,
			);
			buildRules = (
			);
			dependencies = (
			);
			name = Instagram;
			productName = Instagram;
			productReference = A34B160226BE456C0073FEC3 /* Instagram.app */;
			productType = "com.apple.product-type.application";
		};
		A34B161726BE456F0073FEC3 /* InstagramTests */ = {
			isa = PBXNativeTarget;
			buildConfigurationList = A34B162F26BE456F0073FEC3 /* Build configuration list for PBXNativeTarget "InstagramTests" */;
			buildPhases = (
				A34B161426BE456F0073FEC3 /* Sources */,
				A34B161526BE456F0073FEC3 /* Frameworks */,
				A34B161626BE456F0073FEC3 /* Resources */,
			);
			buildRules = (
			);
			dependencies = (
				A34B161A26BE456F0073FEC3 /* PBXTargetDependency */,
			);
			name = InstagramTests;
			productName = InstagramTests;
			productReference = A34B161826BE456F0073FEC3 /* InstagramTests.xctest */;
			productType = "com.apple.product-type.bundle.unit-test";
		};
		A34B162226BE456F0073FEC3 /* InstagramUITests */ = {
			isa = PBXNativeTarget;
			buildConfigurationList = A34B163226BE456F0073FEC3 /* Build configuration list for PBXNativeTarget "InstagramUITests" */;
			buildPhases = (
				A34B161F26BE456F0073FEC3 /* Sources */,
				A34B162026BE456F0073FEC3 /* Frameworks */,
				A34B162126BE456F0073FEC3 /* Resources */,
			);
			buildRules = (
			);
			dependencies = (
				A34B162526BE456F0073FEC3 /* PBXTargetDependency */,
			);
			name = InstagramUITests;
			productName = InstagramUITests;
			productReference = A34B162326BE456F0073FEC3 /* InstagramUITests.xctest */;
			productType = "com.apple.product-type.bundle.ui-testing";
		};
/* End PBXNativeTarget section */

/* Begin PBXProject section */
		A34B15FA26BE456C0073FEC3 /* Project object */ = {
			isa = PBXProject;
			attributes = {
				LastSwiftUpdateCheck = 1250;
				LastUpgradeCheck = 1250;
				TargetAttributes = {
					A34B160126BE456C0073FEC3 = {
						CreatedOnToolsVersion = 12.5.1;
					};
					A34B161726BE456F0073FEC3 = {
						CreatedOnToolsVersion = 12.5.1;
						TestTargetID = A34B160126BE456C0073FEC3;
					};
					A34B162226BE456F0073FEC3 = {
						CreatedOnToolsVersion = 12.5.1;
						TestTargetID = A34B160126BE456C0073FEC3;
					};
				};
			};
			buildConfigurationList = A34B15FD26BE456C0073FEC3 /* Build configuration list for PBXProject "Instagram" */;
			compatibilityVersion = "Xcode 9.3";
			developmentRegion = en;
			hasScannedForEncodings = 0;
			knownRegions = (
				en,
				Base,
			);
			mainGroup = A34B15F926BE456C0073FEC3;
			productRefGroup = A34B160326BE456C0073FEC3 /* Products */;
			projectDirPath = "";
			projectRoot = "";
			targets = (
				A34B160126BE456C0073FEC3 /* Instagram */,
				A34B161726BE456F0073FEC3 /* InstagramTests */,
				A34B162226BE456F0073FEC3 /* InstagramUITests */,
			);
		};
/* End PBXProject section */

/* Begin PBXResourcesBuildPhase section */
		A34B160026BE456C0073FEC3 /* Resources */ = {
			isa = PBXResourcesBuildPhase;
			buildActionMask = 2147483647;
			files = (
				A34B161226BE456F0073FEC3 /* LaunchScreen.storyboard in Resources */,
				A34B160F26BE456F0073FEC3 /* Assets.xcassets in Resources */,
				A34B160D26BE456C0073FEC3 /* Main.storyboard in Resources */,
			);
			runOnlyForDeploymentPostprocessing = 0;
		};
		A34B161626BE456F0073FEC3 /* Resources */ = {
			isa = PBXResourcesBuildPhase;
			buildActionMask = 2147483647;
			files = (
			);
			runOnlyForDeploymentPostprocessing = 0;
		};
		A34B162126BE456F0073FEC3 /* Resources */ = {
			isa = PBXResourcesBuildPhase;
			buildActionMask = 2147483647;
			files = (
			);
			runOnlyForDeploymentPostprocessing = 0;
		};
/* End PBXResourcesBuildPhase section */

/* Begin PBXSourcesBuildPhase section */
		A34B15FE26BE456C0073FEC3 /* Sources */ = {
			isa = PBXSourcesBuildPhase;
			buildActionMask = 2147483647;
			files = (
				A34B160A26BE456C0073FEC3 /* ViewController.swift in Sources */,
				A34B160626BE456C0073FEC3 /* AppDelegate.swift in Sources */,
				A34B160826BE456C0073FEC3 /* SceneDelegate.swift in Sources */,
			);
			runOnlyForDeploymentPostprocessing = 0;
		};
		A34B161426BE456F0073FEC3 /* Sources */ = {
			isa = PBXSourcesBuildPhase;
			buildActionMask = 2147483647;
			files = (
				A34B161D26BE456F0073FEC3 /* InstagramTests.swift in Sources */,
			);
			runOnlyForDeploymentPostprocessing = 0;
		};
		A34B161F26BE456F0073FEC3 /* Sources */ = {
			isa = PBXSourcesBuildPhase;
			buildActionMask = 2147483647;
			files = (
				A34B162826BE456F0073FEC3 /* InstagramUITests.swift in Sources */,
			);
			runOnlyForDeploymentPostprocessing = 0;
		};
/* End PBXSourcesBuildPhase section */

/* Begin PBXTargetDependency section */
		A34B161A26BE456F0073FEC3 /* PBXTargetDependency */ = {
			isa = PBXTargetDependency;
			target = A34B160126BE456C0073FEC3 /* Instagram */;
			targetProxy = A34B161926BE456F0073FEC3 /* PBXContainerItemProxy */;
		};
		A34B162526BE456F0073FEC3 /* PBXTargetDependency */ = {
			isa = PBXTargetDependency;
			target = A34B160126BE456C0073FEC3 /* Instagram */;
			targetProxy = A34B162426BE456F0073FEC3 /* PBXContainerItemProxy */;
		};
/* End PBXTargetDependency section */

/* Begin PBXVariantGroup section */
		A34B160B26BE456C0073FEC3 /* Main.storyboard */ = {
			isa = PBXVariantGroup;
			children = (
				A34B160C26BE456C0073FEC3 /* Base */,
			);
			name = Main.storyboard;
			sourceTree = "<group>";
		};
		A34B161026BE456F0073FEC3 /* LaunchScreen.storyboard */ = {
			isa = PBXVariantGroup;
			children = (
				A34B161126BE456F0073FEC3 /* Base */,
			);
			name = LaunchScreen.storyboard;
			sourceTree = "<group>";
		};
/* End PBXVariantGroup section */

/* Begin XCBuildConfiguration section */
		A34B162A26BE456F0073FEC3 /* Debug */ = {
			isa = XCBuildConfiguration;
			buildSettings = {
				ALWAYS_SEARCH_USER_PATHS = NO;
				CLANG_ANALYZER_NONNULL = YES;
				CLANG_ANALYZER_NUMBER_OBJECT_CONVERSION = YES_AGGRESSIVE;
				CLANG_CXX_LANGUAGE_STANDARD = "gnu++14";
				CLANG_CXX_LIBRARY = "libc++";
				CLANG_ENABLE_MODULES = YES;
				CLANG_ENABLE_OBJC_ARC = YES;
				CLANG_ENABLE_OBJC_WEAK = YES;
				CLANG_WARN_BLOCK_CAPTURE_AUTORELEASING = YES;
				CLANG_WARN_BOOL_CONVERSION = YES;
				CLANG_WARN_COMMA = YES;
				CLANG_WARN_CONSTANT_CONVERSION = YES;
				CLANG_WARN_DEPRECATED_OBJC_IMPLEMENTATIONS = YES;
				CLANG_WARN_DIRECT_OBJC_ISA_USAGE = YES_ERROR;
				CLANG_WARN_DOCUMENTATION_COMMENTS = YES;
				CLANG_WARN_EMPTY_BODY = YES;
				CLANG_WARN_ENUM_CONVERSION = YES;
				CLANG_WARN_INFINITE_RECURSION = YES;
				CLANG_WARN_INT_CONVERSION = YES;
				CLANG_WARN_NON_LITERAL_NULL_CONVERSION = YES;
				CLANG_WARN_OBJC_IMPLICIT_RETAIN_SELF = YES;
				CLANG_WARN_OBJC_LITERAL_CONVERSION = YES;
				CLANG_WARN_OBJC_ROOT_CLASS = YES_ERROR;
				CLANG_WARN_QUOTED_INCLUDE_IN_FRAMEWORK_HEADER = YES;
				CLANG_WARN_RANGE_LOOP_ANALYSIS = YES;
				CLANG_WARN_STRICT_PROTOTYPES = YES;
				CLANG_WARN_SUSPICIOUS_MOVE = YES;
				CLANG_WARN_UNGUARDED_AVAILABILITY = YES_AGGRESSIVE;
				CLANG_WARN_UNREACHABLE_CODE = YES;
				CLANG_WARN__DUPLICATE_METHOD_MATCH = YES;
				COPY_PHASE_STRIP = NO;
				DEBUG_INFORMATION_FORMAT = dwarf;
				ENABLE_STRICT_OBJC_MSGSEND = YES;
				ENABLE_TESTABILITY = YES;
				GCC_C_LANGUAGE_STANDARD = gnu11;
				GCC_DYNAMIC_NO_PIC = NO;
				GCC_NO_COMMON_BLOCKS = YES;
				GCC_OPTIMIZATION_LEVEL = 0;
				GCC_PREPROCESSOR_DEFINITIONS = (
					"DEBUG=1",
					"$(inherited)",
				);
				GCC_WARN_64_TO_32_BIT_CONVERSION = YES;
				GCC_WARN_ABOUT_RETURN_TYPE = YES_ERROR;
				GCC_WARN_UNDECLARED_SELECTOR = YES;
				GCC_WARN_UNINITIALIZED_AUTOS = YES_AGGRESSIVE;
				GCC_WARN_UNUSED_FUNCTION = YES;
				GCC_WARN_UNUSED_VARIABLE = YES;
				IPHONEOS_DEPLOYMENT_TARGET = 14.5;
				MTL_ENABLE_DEBUG_INFO = INCLUDE_SOURCE;
				MTL_FAST_MATH = YES;
				ONLY_ACTIVE_ARCH = YES;
				SDKROOT = iphoneos;
				SWIFT_ACTIVE_COMPILATION_CONDITIONS = DEBUG;
				SWIFT_OPTIMIZATION_LEVEL = "-Onone";
			};
			name = Debug;
		};
		A34B162B26BE456F0073FEC3 /* Release */ = {
			isa = XCBuildConfiguration;
			buildSettings = {
				ALWAYS_SEARCH_USER_PATHS = NO;
				CLANG_ANALYZER_NONNULL = YES;
				CLANG_ANALYZER_NUMBER_OBJECT_CONVERSION = YES_AGGRESSIVE;
				CLANG_CXX_LANGUAGE_STANDARD = "gnu++14";
				CLANG_CXX_LIBRARY = "libc++";
				CLANG_ENABLE_MODULES = YES;
				CLANG_ENABLE_OBJC_ARC = YES;
				CLANG_ENABLE_OBJC_WEAK = YES;
				CLANG_WARN_BLOCK_CAPTURE_AUTORELEASING = YES;
				CLANG_WARN_BOOL_CONVERSION = YES;
				CLANG_WARN_COMMA = YES;
				CLANG_WARN_CONSTANT_CONVERSION = YES;
				CLANG_WARN_DEPRECATED_OBJC_IMPLEMENTATIONS = YES;
				CLANG_WARN_DIRECT_OBJC_ISA_USAGE = YES_ERROR;
				CLANG_WARN_DOCUMENTATION_COMMENTS = YES;
				CLANG_WARN_EMPTY_BODY = YES;
				CLANG_WARN_ENUM_CONVERSION = YES;
				CLANG_WARN_INFINITE_RECURSION = YES;
				CLANG_WARN_INT_CONVERSION = YES;
				CLANG_WARN_NON_LITERAL_NULL_CONVERSION = YES;
				CLANG_WARN_OBJC_IMPLICIT_RETAIN_SELF = YES;
				CLANG_WARN_OBJC_LITERAL_CONVERSION = YES;
				CLANG_WARN_OBJC_ROOT_CLASS = YES_ERROR;
				CLANG_WARN_QUOTED_INCLUDE_IN_FRAMEWORK_HEADER = YES;
				CLANG_WARN_RANGE_LOOP_ANALYSIS = YES;
				CLANG_WARN_STRICT_PROTOTYPES = YES;
				CLANG_WARN_SUSPICIOUS_MOVE = YES;
				CLANG_WARN_UNGUARDED_AVAILABILITY = YES_AGGRESSIVE;
				CLANG_WARN_UNREACHABLE_CODE = YES;
				CLANG_WARN__DUPLICATE_METHOD_MATCH = YES;
				COPY_PHASE_STRIP = NO;
				DEBUG_INFORMATION_FORMAT = "dwarf-with-dsym";
				ENABLE_NS_ASSERTIONS = NO;
				ENABLE_STRICT_OBJC_MSGSEND = YES;
				GCC_C_LANGUAGE_STANDARD = gnu11;
				GCC_NO_COMMON_BLOCKS = YES;
				GCC_WARN_64_TO_32_BIT_CONVERSION = YES;
				GCC_WARN_ABOUT_RETURN_TYPE = YES_ERROR;
				GCC_WARN_UNDECLARED_SELECTOR = YES;
				GCC_WARN_UNINITIALIZED_AUTOS = YES_AGGRESSIVE;
				GCC_WARN_UNUSED_FUNCTION = YES;
				GCC_WARN_UNUSED_VARIABLE = YES;
				IPHONEOS_DEPLOYMENT_TARGET = 14.5;
				MTL_ENABLE_DEBUG_INFO = NO;
				MTL_FAST_MATH = YES;
				SDKROOT = iphoneos;
				SWIFT_COMPILATION_MODE = wholemodule;
				SWIFT_OPTIMIZATION_LEVEL = "-O";
				VALIDATE_PRODUCT = YES;
			};
			name = Release;
		};
		A34B162D26BE456F0073FEC3 /* Debug */ = {
			isa = XCBuildConfiguration;
			buildSettings = {
				ASSETCATALOG_COMPILER_APPICON_NAME = AppIcon;
				ASSETCATALOG_COMPILER_GLOBAL_ACCENT_COLOR_NAME = AccentColor;
				CODE_SIGN_STYLE = Automatic;
				DEVELOPMENT_TEAM = 9ZQ5DSYWLC;
				INFOPLIST_FILE = Instagram/Info.plist;
				LD_RUNPATH_SEARCH_PATHS = (
					"$(inherited)",
					"@executable_path/Frameworks",
				);
				PRODUCT_BUNDLE_IDENTIFIER = CodePath.Instagram;
				PRODUCT_NAME = "$(TARGET_NAME)";
				SWIFT_VERSION = 5.0;
				TARGETED_DEVICE_FAMILY = "1,2";
			};
			name = Debug;
		};
		A34B162E26BE456F0073FEC3 /* Release */ = {
			isa = XCBuildConfiguration;
			buildSettings = {
				ASSETCATALOG_COMPILER_APPICON_NAME = AppIcon;
				ASSETCATALOG_COMPILER_GLOBAL_ACCENT_COLOR_NAME = AccentColor;
				CODE_SIGN_STYLE = Automatic;
				DEVELOPMENT_TEAM = 9ZQ5DSYWLC;
				INFOPLIST_FILE = Instagram/Info.plist;
				LD_RUNPATH_SEARCH_PATHS = (
					"$(inherited)",
					"@executable_path/Frameworks",
				);
				PRODUCT_BUNDLE_IDENTIFIER = CodePath.Instagram;
				PRODUCT_NAME = "$(TARGET_NAME)";
				SWIFT_VERSION = 5.0;
				TARGETED_DEVICE_FAMILY = "1,2";
			};
			name = Release;
		};
		A34B163026BE456F0073FEC3 /* Debug */ = {
			isa = XCBuildConfiguration;
			buildSettings = {
				ALWAYS_EMBED_SWIFT_STANDARD_LIBRARIES = YES;
				BUNDLE_LOADER = "$(TEST_HOST)";
				CODE_SIGN_STYLE = Automatic;
				DEVELOPMENT_TEAM = 9ZQ5DSYWLC;
				INFOPLIST_FILE = InstagramTests/Info.plist;
				IPHONEOS_DEPLOYMENT_TARGET = 14.5;
				LD_RUNPATH_SEARCH_PATHS = (
					"$(inherited)",
					"@executable_path/Frameworks",
					"@loader_path/Frameworks",
				);
				PRODUCT_BUNDLE_IDENTIFIER = CodePath.InstagramTests;
				PRODUCT_NAME = "$(TARGET_NAME)";
				SWIFT_VERSION = 5.0;
				TARGETED_DEVICE_FAMILY = "1,2";
				TEST_HOST = "$(BUILT_PRODUCTS_DIR)/Instagram.app/Instagram";
			};
			name = Debug;
		};
		A34B163126BE456F0073FEC3 /* Release */ = {
			isa = XCBuildConfiguration;
			buildSettings = {
				ALWAYS_EMBED_SWIFT_STANDARD_LIBRARIES = YES;
				BUNDLE_LOADER = "$(TEST_HOST)";
				CODE_SIGN_STYLE = Automatic;
				DEVELOPMENT_TEAM = 9ZQ5DSYWLC;
				INFOPLIST_FILE = InstagramTests/Info.plist;
				IPHONEOS_DEPLOYMENT_TARGET = 14.5;
				LD_RUNPATH_SEARCH_PATHS = (
					"$(inherited)",
					"@executable_path/Frameworks",
					"@loader_path/Frameworks",
				);
				PRODUCT_BUNDLE_IDENTIFIER = CodePath.InstagramTests;
				PRODUCT_NAME = "$(TARGET_NAME)";
				SWIFT_VERSION = 5.0;
				TARGETED_DEVICE_FAMILY = "1,2";
				TEST_HOST = "$(BUILT_PRODUCTS_DIR)/Instagram.app/Instagram";
			};
			name = Release;
		};
		A34B163326BE456F0073FEC3 /* Debug */ = {
			isa = XCBuildConfiguration;
			buildSettings = {
				ALWAYS_EMBED_SWIFT_STANDARD_LIBRARIES = YES;
				CODE_SIGN_STYLE = Automatic;
				DEVELOPMENT_TEAM = 9ZQ5DSYWLC;
				INFOPLIST_FILE = InstagramUITests/Info.plist;
				LD_RUNPATH_SEARCH_PATHS = (
					"$(inherited)",
					"@executable_path/Frameworks",
					"@loader_path/Frameworks",
				);
				PRODUCT_BUNDLE_IDENTIFIER = CodePath.InstagramUITests;
				PRODUCT_NAME = "$(TARGET_NAME)";
				SWIFT_VERSION = 5.0;
				TARGETED_DEVICE_FAMILY = "1,2";
				TEST_TARGET_NAME = Instagram;
			};
			name = Debug;
		};
		A34B163426BE456F0073FEC3 /* Release */ = {
			isa = XCBuildConfiguration;
			buildSettings = {
				ALWAYS_EMBED_SWIFT_STANDARD_LIBRARIES = YES;
				CODE_SIGN_STYLE = Automatic;
				DEVELOPMENT_TEAM = 9ZQ5DSYWLC;
				INFOPLIST_FILE = InstagramUITests/Info.plist;
				LD_RUNPATH_SEARCH_PATHS = (
					"$(inherited)",
					"@executable_path/Frameworks",
					"@loader_path/Frameworks",
				);
				PRODUCT_BUNDLE_IDENTIFIER = CodePath.InstagramUITests;
				PRODUCT_NAME = "$(TARGET_NAME)";
				SWIFT_VERSION = 5.0;
				TARGETED_DEVICE_FAMILY = "1,2";
				TEST_TARGET_NAME = Instagram;
			};
			name = Release;
		};
/* End XCBuildConfiguration section */

/* Begin XCConfigurationList section */
		A34B15FD26BE456C0073FEC3 /* Build configuration list for PBXProject "Instagram" */ = {
			isa = XCConfigurationList;
			buildConfigurations = (
				A34B162A26BE456F0073FEC3 /* Debug */,
				A34B162B26BE456F0073FEC3 /* Release */,
			);
			defaultConfigurationIsVisible = 0;
			defaultConfigurationName = Release;
		};
		A34B162C26BE456F0073FEC3 /* Build configuration list for PBXNativeTarget "Instagram" */ = {
			isa = XCConfigurationList;
			buildConfigurations = (
				A34B162D26BE456F0073FEC3 /* Debug */,
				A34B162E26BE456F0073FEC3 /* Release */,
			);
			defaultConfigurationIsVisible = 0;
			defaultConfigurationName = Release;
		};
		A34B162F26BE456F0073FEC3 /* Build configuration list for PBXNativeTarget "InstagramTests" */ = {
			isa = XCConfigurationList;
			buildConfigurations = (
				A34B163026BE456F0073FEC3 /* Debug */,
				A34B163126BE456F0073FEC3 /* Release */,
			);
			defaultConfigurationIsVisible = 0;
			defaultConfigurationName = Release;
		};
		A34B163226BE456F0073FEC3 /* Build configuration list for PBXNativeTarget "InstagramUITests" */ = {
			isa = XCConfigurationList;
			buildConfigurations = (
				A34B163326BE456F0073FEC3 /* Debug */,
				A34B163426BE456F0073FEC3 /* Release */,
			);
			defaultConfigurationIsVisible = 0;
			defaultConfigurationName = Release;
		};
/* End XCConfigurationList section */
	};
	rootObject = A34B15FA26BE456C0073FEC3 /* Project object */;
}
